{
  "nodes": {
    "nixpkgs": {
      "locked": {
        "lastModified": 1741715534,
        "narHash": "sha256-IDtwLhWMKvydW9GrB6ETwhij+vma0hYHln8pR/rTd+U=",
        "owner": "nixos",
        "repo": "nixpkgs",
        "rev": "0d534853a55b5d02a4ababa1d71921ce8f0aee4c",
        "type": "github"
      },
      "original": {
        "owner": "nixos",
        "ref": "nixos-unstable-small",
        "repo": "nixpkgs",
        "type": "github"
      }
    },
    "root": {
      "inputs": {
        "nixpkgs": "nixpkgs"
      }
    }
  },
  "root": "root",
  "version": 7
}
