{
  "nodes": {
    "nixpkgs": {
      "locked": {
        "lastModified": 1732267161,
        "narHash": "sha256-6NjOM6IWdyqJLzrFxuajvf1DGDEr7ceFaeKZ081Ya3w=",
        "owner": "nixos",
        "repo": "nixpkgs",
        "rev": "a25e476c6a35d5fbc5c85754bba5eeba0ee3074e",
        "type": "github"
      },
      "original": {
        "owner": "nixos",
        "ref": "nixos-unstable-small",
        "repo": "nixpkgs",
        "type": "github"
      }
    },
    "root": {
      "inputs": {
        "nixpkgs": "nixpkgs"
      }
    }
  },
  "root": "root",
  "version": 7
}
